
Microsoft Visual Studio Solution File, Format Version 12.00
Project("{FAE04EC0-301F-11D3-BF4B-00C04F79EFBC}") = "Day1", "Day1\Day1.csproj", "{D9FAA61E-2C7C-4E65-A545-9C3A9A1659EC}"
EndProject
Project("{FAE04EC0-301F-11D3-BF4B-00C04F79EFBC}") = "Day2", "Day2\Day2.csproj", "{5080912D-B58A-4DD1-8EEF-9DEE58F13F71}"
EndProject
Project("{FAE04EC0-301F-11D3-BF4B-00C04F79EFBC}") = "Day3", "Day3\Day3.csproj", "{82CF2139-E814-4E13-9A4E-A717664F88D6}"
EndProject
Project("{FAE04EC0-301F-11D3-BF4B-00C04F79EFBC}") = "Day4", "Day4\Day4.csproj", "{FBA163CF-0F32-4977-992F-8B30A6DED1B4}"
EndProject
Project("{FAE04EC0-301F-11D3-BF4B-00C04F79EFBC}") = "Day5", "Day5\Day5.csproj", "{A26CFD6B-AE58-4EEA-8A71-E3A00E247C92}"
EndProject
Global
	GlobalSection(SolutionConfigurationPlatforms) = preSolution
		Debug|Any CPU = Debug|Any CPU
		Release|Any CPU = Release|Any CPU
	EndGlobalSection
	GlobalSection(ProjectConfigurationPlatforms) = postSolution
		{D9FAA61E-2C7C-4E65-A545-9C3A9A1659EC}.Debug|Any CPU.ActiveCfg = Debug|Any CPU
		{D9FAA61E-2C7C-4E65-A545-9C3A9A1659EC}.Debug|Any CPU.Build.0 = Debug|Any CPU
		{D9FAA61E-2C7C-4E65-A545-9C3A9A1659EC}.Release|Any CPU.ActiveCfg = Release|Any CPU
		{D9FAA61E-2C7C-4E65-A545-9C3A9A1659EC}.Release|Any CPU.Build.0 = Release|Any CPU
		{5080912D-B58A-4DD1-8EEF-9DEE58F13F71}.Debug|Any CPU.ActiveCfg = Debug|Any CPU
		{5080912D-B58A-4DD1-8EEF-9DEE58F13F71}.Debug|Any CPU.Build.0 = Debug|Any CPU
		{5080912D-B58A-4DD1-8EEF-9DEE58F13F71}.Release|Any CPU.ActiveCfg = Release|Any CPU
		{5080912D-B58A-4DD1-8EEF-9DEE58F13F71}.Release|Any CPU.Build.0 = Release|Any CPU
		{82CF2139-E814-4E13-9A4E-A717664F88D6}.Debug|Any CPU.ActiveCfg = Debug|Any CPU
		{82CF2139-E814-4E13-9A4E-A717664F88D6}.Debug|Any CPU.Build.0 = Debug|Any CPU
		{82CF2139-E814-4E13-9A4E-A717664F88D6}.Release|Any CPU.ActiveCfg = Release|Any CPU
		{82CF2139-E814-4E13-9A4E-A717664F88D6}.Release|Any CPU.Build.0 = Release|Any CPU
		{FBA163CF-0F32-4977-992F-8B30A6DED1B4}.Debug|Any CPU.ActiveCfg = Debug|Any CPU
		{FBA163CF-0F32-4977-992F-8B30A6DED1B4}.Debug|Any CPU.Build.0 = Debug|Any CPU
		{FBA163CF-0F32-4977-992F-8B30A6DED1B4}.Release|Any CPU.ActiveCfg = Release|Any CPU
		{FBA163CF-0F32-4977-992F-8B30A6DED1B4}.Release|Any CPU.Build.0 = Release|Any CPU
		{A26CFD6B-AE58-4EEA-8A71-E3A00E247C92}.Debug|Any CPU.ActiveCfg = Debug|Any CPU
		{A26CFD6B-AE58-4EEA-8A71-E3A00E247C92}.Debug|Any CPU.Build.0 = Debug|Any CPU
		{A26CFD6B-AE58-4EEA-8A71-E3A00E247C92}.Release|Any CPU.ActiveCfg = Release|Any CPU
		{A26CFD6B-AE58-4EEA-8A71-E3A00E247C92}.Release|Any CPU.Build.0 = Release|Any CPU
	EndGlobalSection
EndGlobal
